<?xml version="1.0" encoding="UTF-8" standalone="yes" ?>
<CodeBlocks_project_file>
	<FileVersion major="1" minor="6" />
	<Project>
		<Option title="juegofinal" />
		<Option pch_mode="2" />
		<Option compiler="gcc" />
		<Build>
			<Target title="Debug">
				<Option output="bin/Debug/juegofinal" prefix_auto="1" extension_auto="1" />
				<Option object_output="obj/Debug/" />
				<Option type="1" />
				<Option compiler="gcc" />
				<Compiler>
					<Add option="-g" />
				</Compiler>
				<Linker>
					<Add library="sfml-graphics-d" />
					<Add library="sfml-window-d" />
					<Add library="sfml-system-d" />
					<Add library="sfml-audio-d" />
				</Linker>
			</Target>
			<Target title="Release">
				<Option output="bin/Release/juegofinal" prefix_auto="1" extension_auto="1" />
				<Option object_output="obj/Release/" />
				<Option type="0" />
				<Option compiler="gcc" />
				<Compiler>
					<Add option="-O2" />
				</Compiler>
				<Linker>
					<Add option="-s" />
					<Add library="sfml-graphics" />
					<Add library="sfml-window" />
					<Add library="sfml-system" />
				</Linker>
			</Target>
		</Build>
		<Compiler>
			<Add option="-Wall" />
		</Compiler>
		<Linker>
		</Linker>
		<Unit filename="Untitled1.cpp" />
		<Unit filename="cb.bmp" />
		<Unit filename="include/2player.hpp" />
		<Unit filename="include/Entity.hpp" />
		<Unit filename="include/hitbox.hpp" />
		<Unit filename="include/mainMenu.hpp" />
		<Unit filename="include/obj.hpp" />
		<Unit filename="include/object.hpp" />
		<Unit filename="include/platform.hpp" />
		<Unit filename="include/player.hpp" />
		<Unit filename="include/player2.hpp" />
		<Unit filename="main.cpp" />
		<Unit filename="obj.cpp" />
		<Unit filename="platform.cpp" />
		<Unit filename="player2.cpp" />
		<Extensions />
	</Project>
</CodeBlocks_project_file>
